{
  "name": "slack",
  "version": "1.0.0",
  "lockfileVersion": 1,
  "requires": true,
  "dependencies": {
    "@cronvel/get-pixels": {
      "version": "3.3.1",
      "resolved": "https://registry.npmjs.org/@cronvel/get-pixels/-/get-pixels-3.3.1.tgz",
      "integrity": "sha512-jgDb8vGPkpjRDbiYyHTI2Bna4HJysjPNSiERzBnRJjCR/YqC3u0idTae0tmNECsaZLOpAWmlK9wiIwnLGIT9Bg==",
      "requires": {
        "jpeg-js": "^0.1.1",
        "ndarray": "^1.0.13",
        "ndarray-pack": "^1.1.1",
        "node-bitmap": "0.0.1",
        "omggif": "^1.0.5",
        "pngjs": "^2.0.0"
      }
    },
    "@slack/client": {
      "version": "5.0.2",
      "resolved": "https://registry.npmjs.org/@slack/client/-/client-5.0.2.tgz",
      "integrity": "sha512-HurKTUBZlwj/1cnZ6QOHpYR7k+G62WlL+13DgYD7onVRnQWggkIyCg+ymX1kQn6txzNdUyDEaixyCvBvmhH8tQ==",
      "requires": {
        "@slack/logger": "^1.0.0",
        "@slack/rtm-api": "^5.0.2",
        "@slack/types": "^1.1.0",
        "@slack/web-api": "^5.1.0",
        "@slack/webhook": "^5.0.1"
      }
    },
    "@slack/logger": {
      "version": "1.1.1",
      "resolved": "https://registry.npmjs.org/@slack/logger/-/logger-1.1.1.tgz",
      "integrity": "sha512-PAC5CMnNAv/FPtJ0le+YD2wUV+tZ7n3Bnjj9dBI+deIcHsExCnQkQmZE79cLvfuYXbz3PWyv5coti30MJQhEjA==",
      "requires": {
        "@types/node": ">=8.9.0"
      }
    },
    "@slack/rtm-api": {
      "version": "5.0.3",
      "resolved": "https://registry.npmjs.org/@slack/rtm-api/-/rtm-api-5.0.3.tgz",
      "integrity": "sha512-rzNIFst8iuVYyHdE7e3KSrbAtIA7sfS4Pth9ObKUm5KDemX0zyI7YfAijO1kgr1EMriQkjlpKBhlNq9Y+aQr6g==",
      "requires": {
        "@slack/logger": "^1.0.0",
        "@slack/web-api": "^5.1.0",
        "@types/node": ">=8.9.0",
        "@types/p-queue": "^2.3.2",
        "@types/ws": "^5.1.1",
        "eventemitter3": "^3.1.0",
        "finity": "^0.5.4",
        "p-cancelable": "^1.1.0",
        "p-queue": "^2.4.2",
        "ws": "^5.2.0"
      }
    },
    "@slack/types": {
      "version": "1.3.0",
      "resolved": "https://registry.npmjs.org/@slack/types/-/types-1.3.0.tgz",
      "integrity": "sha512-3AjHsDJjJKT3q0hQzFHQN7piYIh99LuN7Po56W/R6P/uscqZqwS5xm1U1cTYGIzk8fmsuW7TvWVg0W85hKY/MQ=="
    },
    "@slack/web-api": {
      "version": "5.7.0",
      "resolved": "https://registry.npmjs.org/@slack/web-api/-/web-api-5.7.0.tgz",
      "integrity": "sha512-n3c2S5+fvRJV/FYhdZXPuMrRhnEdF5yPhSXK9ph4xJezNzMbb4OWymrMz7+XVf4qOz30HxN9A6ktV98stOBrhw==",
      "requires": {
        "@slack/logger": ">=1.0.0 <3.0.0",
        "@slack/types": "^1.2.1",
        "@types/is-stream": "^1.1.0",
        "@types/node": ">=8.9.0",
        "@types/p-queue": "^2.3.2",
        "axios": "^0.18.0",
        "eventemitter3": "^3.1.0",
        "form-data": "^2.5.0",
        "is-stream": "^1.1.0",
        "p-queue": "^2.4.2",
        "p-retry": "^4.0.0"
      }
    },
    "@slack/webhook": {
      "version": "5.0.2",
      "resolved": "https://registry.npmjs.org/@slack/webhook/-/webhook-5.0.2.tgz",
      "integrity": "sha512-Ns35+KC//EWu+g+Bzp5m18V7qsCBdqAdvV4FJi2ng8+jto4rH2Bv2vUMmMioRn9LIiZ38LPsX/InrFjaO5XwGA==",
      "requires": {
        "@slack/types": "^1.1.0",
        "@types/node": ">=8.9.0",
        "axios": "^0.18.0"
      }
    },
    "@types/color-name": {
      "version": "1.1.1",
      "resolved": "https://registry.npmjs.org/@types/color-name/-/color-name-1.1.1.tgz",
      "integrity": "sha512-rr+OQyAjxze7GgWrSaJwydHStIhHq2lvY3BOC2Mj7KnzI7XK0Uw1TOOdI9lDoajEbSWLiYgoo4f1R51erQfhPQ=="
    },
    "@types/events": {
      "version": "3.0.0",
      "resolved": "https://registry.npmjs.org/@types/events/-/events-3.0.0.tgz",
      "integrity": "sha512-EaObqwIvayI5a8dCzhFrjKzVwKLxjoG9T6Ppd5CEo07LRKfQ8Yokw54r5+Wq7FaBQ+yXRvQAYPrHwya1/UFt9g=="
    },
    "@types/is-stream": {
      "version": "1.1.0",
      "resolved": "https://registry.npmjs.org/@types/is-stream/-/is-stream-1.1.0.tgz",
      "integrity": "sha512-jkZatu4QVbR60mpIzjINmtS1ZF4a/FqdTUTBeQDVOQ2PYyidtwFKr0B5G6ERukKwliq+7mIXvxyppwzG5EgRYg==",
      "requires": {
        "@types/node": "*"
      }
    },
    "@types/node": {
      "version": "13.5.2",
      "resolved": "https://registry.npmjs.org/@types/node/-/node-13.5.2.tgz",
      "integrity": "sha512-Fr6a47c84PRLfd7M7u3/hEknyUdQrrBA6VoPmkze0tcflhU5UnpWEX2kn12ktA/lb+MNHSqFlSiPHIHsaErTPA=="
    },
    "@types/p-queue": {
      "version": "2.3.2",
      "resolved": "https://registry.npmjs.org/@types/p-queue/-/p-queue-2.3.2.tgz",
      "integrity": "sha512-eKAv5Ql6k78dh3ULCsSBxX6bFNuGjTmof5Q/T6PiECDq0Yf8IIn46jCyp3RJvCi8owaEmm3DZH1PEImjBMd/vQ=="
    },
    "@types/retry": {
      "version": "0.12.0",
      "resolved": "https://registry.npmjs.org/@types/retry/-/retry-0.12.0.tgz",
      "integrity": "sha512-wWKOClTTiizcZhXnPY4wikVAwmdYHp8q6DmC+EJUzAMsycb7HB32Kh9RN4+0gExjmPmZSAQjgURXIGATPegAvA=="
    },
    "@types/ws": {
      "version": "5.1.2",
      "resolved": "https://registry.npmjs.org/@types/ws/-/ws-5.1.2.tgz",
      "integrity": "sha512-NkTXUKTYdXdnPE2aUUbGOXE1XfMK527SCvU/9bj86kyFF6kZ9ZnOQ3mK5jADn98Y2vEUD/7wKDgZa7Qst2wYOg==",
      "requires": {
        "@types/events": "*",
        "@types/node": "*"
      }
    },
    "@zeit/ncc": {
      "version": "0.21.0",
      "resolved": "https://registry.npmjs.org/@zeit/ncc/-/ncc-0.21.0.tgz",
      "integrity": "sha512-RUMdvVK/w78oo+yBjruZltt0kJXYar2un/1bYQ2LuHG7GmFVm+QjxzEmySwREctaJdEnBvlMdUNWd9hXHxEI3g=="
    },
    "ansi-styles": {
      "version": "4.2.1",
      "resolved": "https://registry.npmjs.org/ansi-styles/-/ansi-styles-4.2.1.tgz",
      "integrity": "sha512-9VGjrMsG1vePxcSweQsN20KY/c4zN0h9fLjqAbwbPfahM3t+NL+M9HC8xeXG2I8pX5NoamTGNuomEUFI7fcUjA==",
      "requires": {
        "@types/color-name": "^1.1.1",
        "color-convert": "^2.0.1"
      }
    },
    "async-limiter": {
      "version": "1.0.1",
      "resolved": "https://registry.npmjs.org/async-limiter/-/async-limiter-1.0.1.tgz",
      "integrity": "sha512-csOlWGAcRFJaI6m+F2WKdnMKr4HhdhFVBk0H/QbJFMCr+uO2kwohwXQPxw/9OCxp05r5ghVBFSyioixx3gfkNQ=="
    },
    "asynckit": {
      "version": "0.4.0",
      "resolved": "https://registry.npmjs.org/asynckit/-/asynckit-0.4.0.tgz",
      "integrity": "sha1-x57Zf380y48robyXkLzDZkdLS3k="
    },
    "axios": {
      "version": "0.18.1",
      "resolved": "https://registry.npmjs.org/axios/-/axios-0.18.1.tgz",
      "integrity": "sha512-0BfJq4NSfQXd+SkFdrvFbG7addhYSBA2mQwISr46pD6E5iqkWg02RAs8vyTT/j0RTnoYmeXauBuSv1qKwR179g==",
      "requires": {
        "follow-redirects": "1.5.10",
        "is-buffer": "^2.0.2"
      },
      "dependencies": {
        "is-buffer": {
          "version": "2.0.4",
          "resolved": "https://registry.npmjs.org/is-buffer/-/is-buffer-2.0.4.tgz",
          "integrity": "sha512-Kq1rokWXOPXWuaMAqZiJW4XxsmD9zGx9q4aePabbn3qCRGedtH7Cm+zV8WETitMfu1wdh+Rvd6w5egwSngUX2A=="
        }
      }
    },
    "chalk": {
      "version": "3.0.0",
      "resolved": "https://registry.npmjs.org/chalk/-/chalk-3.0.0.tgz",
      "integrity": "sha512-4D3B6Wf41KOYRFdszmDqMCGq5VV/uMAB273JILmO+3jAlh8X4qDtdtgCR3fxtbLEMzSx22QdhnDcJvu2u1fVwg==",
      "requires": {
        "ansi-styles": "^4.1.0",
        "supports-color": "^7.1.0"
      }
    },
    "chroma-js": {
      "version": "2.1.0",
      "resolved": "https://registry.npmjs.org/chroma-js/-/chroma-js-2.1.0.tgz",
      "integrity": "sha512-uiRdh4ZZy+UTPSrAdp8hqEdVb1EllLtTHOt5TMaOjJUvi+O54/83Fc5K2ld1P+TJX+dw5B+8/sCgzI6eaur/lg==",
      "requires": {
        "cross-env": "^6.0.3"
      }
    },
    "color-convert": {
      "version": "2.0.1",
      "resolved": "https://registry.npmjs.org/color-convert/-/color-convert-2.0.1.tgz",
      "integrity": "sha512-RRECPsj7iu/xb5oKYcsFHSppFNnsj/52OVTRKb4zP5onXwVF3zVmmToNcOfGC+CRDpfK/U584fMg38ZHCaElKQ==",
      "requires": {
        "color-name": "~1.1.4"
      }
    },
    "color-name": {
      "version": "1.1.4",
      "resolved": "https://registry.npmjs.org/color-name/-/color-name-1.1.4.tgz",
      "integrity": "sha512-dOy+3AuW3a2wNbZHIuMZpTcgjGuLU/uBL/ubcZF9OXbDo8ff4O8yVp5Bf0efS8uEoYo5q4Fx7dY9OgQGXgAsQA=="
    },
    "combined-stream": {
      "version": "1.0.8",
      "resolved": "https://registry.npmjs.org/combined-stream/-/combined-stream-1.0.8.tgz",
      "integrity": "sha512-FQN4MRfuJeHf7cBbBMJFXhKSDq+2kAArBlmRBvcvFE5BB1HZKXtSFASDhdlz9zOYwxh8lDdnvmMOe/+5cdoEdg==",
      "requires": {
        "delayed-stream": "~1.0.0"
      }
    },
    "cross-env": {
      "version": "6.0.3",
      "resolved": "https://registry.npmjs.org/cross-env/-/cross-env-6.0.3.tgz",
      "integrity": "sha512-+KqxF6LCvfhWvADcDPqo64yVIB31gv/jQulX2NGzKS/g3GEVz6/pt4wjHFtFWsHMddebWD/sDthJemzM4MaAag==",
      "requires": {
        "cross-spawn": "^7.0.0"
      }
    },
    "cross-spawn": {
      "version": "7.0.1",
      "resolved": "https://registry.npmjs.org/cross-spawn/-/cross-spawn-7.0.1.tgz",
      "integrity": "sha512-u7v4o84SwFpD32Z8IIcPZ6z1/ie24O6RU3RbtL5Y316l3KuHVPx9ItBgWQ6VlfAFnRnTtMUrsQ9MUUTuEZjogg==",
      "requires": {
        "path-key": "^3.1.0",
        "shebang-command": "^2.0.0",
        "which": "^2.0.1"
      }
    },
    "cwise-compiler": {
      "version": "1.1.3",
      "resolved": "https://registry.npmjs.org/cwise-compiler/-/cwise-compiler-1.1.3.tgz",
      "integrity": "sha1-9NZnQQ6FDToxOn0tt7HlBbsDTMU=",
      "requires": {
        "uniq": "^1.0.0"
      }
    },
    "debug": {
      "version": "3.1.0",
      "resolved": "https://registry.npmjs.org/debug/-/debug-3.1.0.tgz",
      "integrity": "sha512-OX8XqP7/1a9cqkxYw2yXss15f26NKWBpDXQd0/uK/KPqdQhxbPa994hnzjcE2VqQpDslf55723cKPUOGSmMY3g==",
      "requires": {
        "ms": "2.0.0"
      }
    },
    "delayed-stream": {
      "version": "1.0.0",
      "resolved": "https://registry.npmjs.org/delayed-stream/-/delayed-stream-1.0.0.tgz",
      "integrity": "sha1-3zrhmayt+31ECqrgsp4icrJOxhk="
    },
    "eventemitter3": {
      "version": "3.1.2",
      "resolved": "https://registry.npmjs.org/eventemitter3/-/eventemitter3-3.1.2.tgz",
      "integrity": "sha512-tvtQIeLVHjDkJYnzf2dgVMxfuSGJeM/7UCG17TT4EumTfNtF+0nebF/4zWOIkCreAbtNqhGEboB6BWrwqNaw4Q=="
    },
    "finity": {
      "version": "0.5.4",
      "resolved": "https://registry.npmjs.org/finity/-/finity-0.5.4.tgz",
      "integrity": "sha512-3l+5/1tuw616Lgb0QBimxfdd2TqaDGpfCBpfX6EqtFmqUV3FtQnVEX4Aa62DagYEqnsTIjZcTfbq9msDbXYgyA=="
    },
    "follow-redirects": {
      "version": "1.5.10",
      "resolved": "https://registry.npmjs.org/follow-redirects/-/follow-redirects-1.5.10.tgz",
      "integrity": "sha512-0V5l4Cizzvqt5D44aTXbFZz+FtyXV1vrDN6qrelxtfYQKW0KO0W2T/hkE8xvGa/540LkZlkaUjO4ailYTFtHVQ==",
      "requires": {
        "debug": "=3.1.0"
      }
    },
    "form-data": {
      "version": "2.5.1",
      "resolved": "https://registry.npmjs.org/form-data/-/form-data-2.5.1.tgz",
      "integrity": "sha512-m21N3WOmEEURgk6B9GLOE4RuWOFf28Lhh9qGYeNlGq4VDXUlJy2th2slBNU8Gp8EzloYZOibZJ7t5ecIrFSjVA==",
      "requires": {
        "asynckit": "^0.4.0",
        "combined-stream": "^1.0.6",
        "mime-types": "^2.1.12"
      }
    },
    "has-flag": {
      "version": "4.0.0",
      "resolved": "https://registry.npmjs.org/has-flag/-/has-flag-4.0.0.tgz",
      "integrity": "sha512-EykJT/Q1KjTWctppgIAgfSO0tKVuZUjhgMr17kqTumMl6Afv3EISleU7qZUzoXDFTAHTDC4NOoG/ZxU3EvlMPQ=="
    },
    "iota-array": {
      "version": "1.0.0",
      "resolved": "https://registry.npmjs.org/iota-array/-/iota-array-1.0.0.tgz",
      "integrity": "sha1-ge9X/l0FgUzVjCSDYyqZwwoOgIc="
    },
    "is-buffer": {
      "version": "1.1.6",
      "resolved": "https://registry.npmjs.org/is-buffer/-/is-buffer-1.1.6.tgz",
      "integrity": "sha512-NcdALwpXkTm5Zvvbk7owOUSvVvBKDgKP5/ewfXEznmQFfs4ZRmanOeKBTjRVjka3QFoN6XJ+9F3USqfHqTaU5w=="
    },
    "is-stream": {
      "version": "1.1.0",
      "resolved": "https://registry.npmjs.org/is-stream/-/is-stream-1.1.0.tgz",
      "integrity": "sha1-EtSj3U5o4Lec6428hBc66A2RykQ="
    },
    "isexe": {
      "version": "2.0.0",
      "resolved": "https://registry.npmjs.org/isexe/-/isexe-2.0.0.tgz",
      "integrity": "sha1-6PvzdNxVb/iUehDcsFctYz8s+hA="
    },
    "jpeg-js": {
      "version": "0.1.2",
      "resolved": "https://registry.npmjs.org/jpeg-js/-/jpeg-js-0.1.2.tgz",
      "integrity": "sha1-E1uZLAV1yYXPoPSUoyJ+0jhYPs4="
    },
    "js-tokens": {
      "version": "4.0.0",
      "resolved": "https://registry.npmjs.org/js-tokens/-/js-tokens-4.0.0.tgz",
      "integrity": "sha512-RdJUflcE3cUzKiMqQgsCu06FPu9UdIJO0beYbPhHN4k6apgJtifcoCtT9bcxOpYBtpD2kCM6Sbzg4CausW/PKQ=="
    },
    "lazyness": {
      "version": "1.1.1",
      "resolved": "https://registry.npmjs.org/lazyness/-/lazyness-1.1.1.tgz",
      "integrity": "sha512-rYHC6l6LeRlJSt5jxpqN8z/49gZ0CqLi89HAGzJjHahCFlqEjFGFN9O15hmzSzUGFl7zN/vOWduv/+0af3r/kQ=="
    },
    "loose-envify": {
      "version": "1.4.0",
      "resolved": "https://registry.npmjs.org/loose-envify/-/loose-envify-1.4.0.tgz",
      "integrity": "sha512-lyuxPGr/Wfhrlem2CL/UcnUc1zcqKAImBDzukY7Y5F/yQiNdko6+fRLevlw1HgMySw7f611UIY408EtxRSoK3Q==",
      "requires": {
        "js-tokens": "^3.0.0 || ^4.0.0"
      }
    },
    "mime-db": {
      "version": "1.43.0",
      "resolved": "https://registry.npmjs.org/mime-db/-/mime-db-1.43.0.tgz",
      "integrity": "sha512-+5dsGEEovYbT8UY9yD7eE4XTc4UwJ1jBYlgaQQF38ENsKR3wj/8q8RFZrF9WIZpB2V1ArTVFUva8sAul1NzRzQ=="
    },
    "mime-types": {
      "version": "2.1.26",
      "resolved": "https://registry.npmjs.org/mime-types/-/mime-types-2.1.26.tgz",
      "integrity": "sha512-01paPWYgLrkqAyrlDorC1uDwl2p3qZT7yl806vW7DvDoxwXi46jsjFbg+WdwotBIk6/MbEhO/dh5aZ5sNj/dWQ==",
      "requires": {
        "mime-db": "1.43.0"
      }
    },
    "ms": {
      "version": "2.0.0",
      "resolved": "https://registry.npmjs.org/ms/-/ms-2.0.0.tgz",
      "integrity": "sha1-VgiurfwAvmwpAd9fmGF4jeDVl8g="
    },
    "ndarray": {
      "version": "1.0.19",
      "resolved": "https://registry.npmjs.org/ndarray/-/ndarray-1.0.19.tgz",
      "integrity": "sha512-B4JHA4vdyZU30ELBw3g7/p9bZupyew5a7tX1Y/gGeF2hafrPaQZhgrGQfsvgfYbgdFZjYwuEcnaobeM/WMW+HQ==",
      "requires": {
        "iota-array": "^1.0.0",
        "is-buffer": "^1.0.2"
      }
    },
    "ndarray-pack": {
      "version": "1.2.1",
      "resolved": "https://registry.npmjs.org/ndarray-pack/-/ndarray-pack-1.2.1.tgz",
      "integrity": "sha1-jK6+qqJNXs9w/4YCBjeXfajuWFo=",
      "requires": {
        "cwise-compiler": "^1.1.2",
        "ndarray": "^1.0.13"
      }
    },
    "nextgen-events": {
      "version": "1.3.0",
      "resolved": "https://registry.npmjs.org/nextgen-events/-/nextgen-events-1.3.0.tgz",
      "integrity": "sha512-eBz5mrO4Hw2eenPVm0AVPHuAzg/RZetAWMI547RH8O9+a0UYhCysiZ3KoNWslnWNlHetb9kzowEshsKsmFo2YQ=="
    },
    "node-bitmap": {
      "version": "0.0.1",
      "resolved": "https://registry.npmjs.org/node-bitmap/-/node-bitmap-0.0.1.tgz",
      "integrity": "sha1-GA6scAPgxwdhjvMTaPYvhLKmkJE="
    },
    "omggif": {
      "version": "1.0.10",
      "resolved": "https://registry.npmjs.org/omggif/-/omggif-1.0.10.tgz",
      "integrity": "sha512-LMJTtvgc/nugXj0Vcrrs68Mn2D1r0zf630VNtqtpI1FEO7e+O9FP4gqs9AcnBaSEeoHIPm28u6qgPR0oyEpGSw=="
    },
    "p-cancelable": {
      "version": "1.1.0",
      "resolved": "https://registry.npmjs.org/p-cancelable/-/p-cancelable-1.1.0.tgz",
      "integrity": "sha512-s73XxOZ4zpt1edZYZzvhqFa6uvQc1vwUa0K0BdtIZgQMAJj9IbebH+JkgKZc9h+B05PKHLOTl4ajG1BmNrVZlw=="
    },
    "p-queue": {
      "version": "2.4.2",
      "resolved": "https://registry.npmjs.org/p-queue/-/p-queue-2.4.2.tgz",
      "integrity": "sha512-n8/y+yDJwBjoLQe1GSJbbaYQLTI7QHNZI2+rpmCDbe++WLf9HC3gf6iqj5yfPAV71W4UF3ql5W1+UBPXoXTxng=="
    },
    "p-retry": {
      "version": "4.2.0",
      "resolved": "https://registry.npmjs.org/p-retry/-/p-retry-4.2.0.tgz",
      "integrity": "sha512-jPH38/MRh263KKcq0wBNOGFJbm+U6784RilTmHjB/HM9kH9V8WlCpVUcdOmip9cjXOh6MxZ5yk1z2SjDUJfWmA==",
      "requires": {
        "@types/retry": "^0.12.0",
        "retry": "^0.12.0"
      }
    },
    "path-key": {
      "version": "3.1.1",
      "resolved": "https://registry.npmjs.org/path-key/-/path-key-3.1.1.tgz",
      "integrity": "sha512-ojmeN0qd+y0jszEtoY48r0Peq5dwMEkIlCOu6Q5f41lfkswXuKtYrhgoTpLnyIcHm24Uhqx+5Tqm2InSwLhE6Q=="
    },
    "pngjs": {
      "version": "2.3.1",
      "resolved": "https://registry.npmjs.org/pngjs/-/pngjs-2.3.1.tgz",
      "integrity": "sha1-EdHhK5y2TWPjDBQ6Mw9MH1Z9qF8="
    },
    "redux": {
      "version": "4.0.5",
      "resolved": "https://registry.npmjs.org/redux/-/redux-4.0.5.tgz",
      "integrity": "sha512-VSz1uMAH24DM6MF72vcojpYPtrTUu3ByVWfPL1nPfVRb5mZVTve5GnNCUV53QM/BZ66xfWrm0CTWoM+Xlz8V1w==",
      "requires": {
        "loose-envify": "^1.4.0",
        "symbol-observable": "^1.2.0"
      }
    },
    "retry": {
      "version": "0.12.0",
      "resolved": "https://registry.npmjs.org/retry/-/retry-0.12.0.tgz",
      "integrity": "sha1-G0KmJmoh8HQh0bC1S33BZ7AcATs="
    },
    "setimmediate": {
      "version": "1.0.5",
      "resolved": "https://registry.npmjs.org/setimmediate/-/setimmediate-1.0.5.tgz",
      "integrity": "sha1-KQy7Iy4waULX1+qbg3Mqt4VvgoU="
    },
    "seventh": {
      "version": "0.7.30",
      "resolved": "https://registry.npmjs.org/seventh/-/seventh-0.7.30.tgz",
      "integrity": "sha512-GDX4eZEZXQFqURkUA802R3GkawzGA8zm2QS9AfFqPcJKakoytxhI0soTRfhEqNhqh0RrRFO/EraffrAULaxiQQ==",
      "requires": {
        "setimmediate": "^1.0.5"
      }
    },
    "shebang-command": {
      "version": "2.0.0",
      "resolved": "https://registry.npmjs.org/shebang-command/-/shebang-command-2.0.0.tgz",
      "integrity": "sha512-kHxr2zZpYtdmrN1qDjrrX/Z1rR1kG8Dx+gkpK1G4eXmvXswmcE1hTWBWYUzlraYw1/yZp6YuDY77YtvbN0dmDA==",
      "requires": {
        "shebang-regex": "^3.0.0"
      }
    },
    "shebang-regex": {
      "version": "3.0.0",
      "resolved": "https://registry.npmjs.org/shebang-regex/-/shebang-regex-3.0.0.tgz",
      "integrity": "sha512-7++dFhtcx3353uBaq8DDR4NuxBetBzC7ZQOhmTQInHEd6bSrXdiEyzCvG07Z44UYdLShWUyXt5M/yhz8ekcb1A=="
    },
    "string-kit": {
      "version": "0.11.6",
      "resolved": "https://registry.npmjs.org/string-kit/-/string-kit-0.11.6.tgz",
      "integrity": "sha512-rI3KOfSgFg02+BSP/ocUl8E3hoqV8C8OsMHUZhIy2BHfP8V0HV0iGwM67Zzepv+U9XryH01tHO8EAIaIK66Eqg=="
    },
    "supports-color": {
      "version": "7.1.0",
      "resolved": "https://registry.npmjs.org/supports-color/-/supports-color-7.1.0.tgz",
      "integrity": "sha512-oRSIpR8pxT1Wr2FquTNnGet79b3BWljqOuoW/h4oBhxJ/HUbX5nX6JSruTkvXDCFMwDPvsaTTbvMLKZWSy0R5g==",
      "requires": {
        "has-flag": "^4.0.0"
      }
    },
    "symbol-observable": {
      "version": "1.2.0",
      "resolved": "https://registry.npmjs.org/symbol-observable/-/symbol-observable-1.2.0.tgz",
      "integrity": "sha512-e900nM8RRtGhlV36KGEU9k65K3mPb1WV70OdjfxlG2EAuM1noi/E/BaW/uMhL7bPEssK8QV57vN3esixjUvcXQ=="
    },
    "terminal-kit": {
      "version": "1.32.3",
      "resolved": "https://registry.npmjs.org/terminal-kit/-/terminal-kit-1.32.3.tgz",
      "integrity": "sha512-9iRH+8HbY6KSjOUVF7Ja9s8SyYEJ2eMNI9vfsNvMnDOG9iXly2bLyK1WIwZF7mSZZCZshUiNkuM25BDN3Nj81Q==",
      "requires": {
        "@cronvel/get-pixels": "^3.3.1",
        "chroma-js": "^2.1.0",
        "lazyness": "^1.1.1",
        "ndarray": "^1.0.19",
        "nextgen-events": "^1.3.0",
        "seventh": "^0.7.30",
        "string-kit": "^0.11.6",
        "tree-kit": "^0.6.2"
      }
    },
    "tree-kit": {
      "version": "0.6.2",
      "resolved": "https://registry.npmjs.org/tree-kit/-/tree-kit-0.6.2.tgz",
      "integrity": "sha512-95UzJA0EMbFfu5sGUUOoXixQMUGkwu82nGM4lmqLyQl+R4H3FK+lS0nT8TZJ5x7JhSHy+saVn7/AOqh6d+tmOg=="
    },
    "uniq": {
      "version": "1.0.1",
      "resolved": "https://registry.npmjs.org/uniq/-/uniq-1.0.1.tgz",
      "integrity": "sha1-sxxa6CVIRKOoKBVBzisEuGWnNP8="
    },
    "which": {
      "version": "2.0.2",
      "resolved": "https://registry.npmjs.org/which/-/which-2.0.2.tgz",
      "integrity": "sha512-BLI3Tl1TW3Pvl70l3yq3Y64i+awpwXqsGBYWkkqMtnbXgrMD+yj7rhW0kuEDxzJaYXGjEW5ogapKNMEKNMjibA==",
      "requires": {
        "isexe": "^2.0.0"
      }
    },
    "ws": {
      "version": "5.2.2",
      "resolved": "https://registry.npmjs.org/ws/-/ws-5.2.2.tgz",
      "integrity": "sha512-jaHFD6PFv6UgoIVda6qZllptQsMlDEJkTQcybzzXDYM1XO9Y8em691FGMPmM46WGyLU4z9KMgQN+qrux/nhlHA==",
      "requires": {
        "async-limiter": "~1.0.0"
      }
    }
  }
}
